{
  "name": "@api-sdk/js-cli",
  "version": "1.0.0",
  "lockfileVersion": 3,
  "requires": true,
  "packages": {
    "": {
      "name": "@api-sdk/js-cli",
      "version": "1.0.0",
      "license": "MIT",
      "dependencies": {
        "@api-sdk/js": "file:../../artifacts/npm/api-sdk-js-1.0.0.tgz"
      }
    },
    "node_modules/@api-sdk/js": {
      "version": "1.0.0",
      "resolved": "file:../../artifacts/npm/api-sdk-js-1.0.0.tgz",
      "integrity": "sha512-zxxL5gg8Y1oY4d9p+DnrrZ3qo/BLAnNpIPEJNcJklljpvutoYFN0RYOkXiwag4he04U3DvukJN+cyoaviq+IRA==",
      "license": "MIT"
    }
  }
}
